
Microsoft Visual Studio Solution File, Format Version 12.00
# Visual Studio 14
VisualStudioVersion = 14.0.23107.0
MinimumVisualStudioVersion = 10.0.40219.1
Project("{FAE04EC0-301F-11D3-BF4B-00C04F79EFBC}") = "ProjectManager2", "ProjectManager2\ProjectManager2.csproj", "{57001213-868E-494F-8D37-3763F24ADAAA}"
EndProject
Global
	GlobalSection(SolutionConfigurationPlatforms) = preSolution
		Debug|Any CPU = Debug|Any CPU
		Release|Any CPU = Release|Any CPU
	EndGlobalSection
	GlobalSection(ProjectConfigurationPlatforms) = postSolution
		{57001213-868E-494F-8D37-3763F24ADAAA}.Debug|Any CPU.ActiveCfg = Debug|Any CPU
		{57001213-868E-494F-8D37-3763F24ADAAA}.Debug|Any CPU.Build.0 = Debug|Any CPU
		{57001213-868E-494F-8D37-3763F24ADAAA}.Release|Any CPU.ActiveCfg = Release|Any CPU
		{57001213-868E-494F-8D37-3763F24ADAAA}.Release|Any CPU.Build.0 = Release|Any CPU
	EndGlobalSection
	GlobalSection(SolutionProperties) = preSolution
		HideSolutionNode = FALSE
	EndGlobalSection
EndGlobal
